{
  "name": "wecatproject02",
  "version": "1.0.0",
  "lockfileVersion": 2,
  "requires": true,
  "packages": {
    "": {
      "name": "wecatproject02",
      "version": "1.0.0",
      "license": "ISC",
      "dependencies": {
        "@vant/weapp": "^1.10.3",
        "vtuweapp": "^1.2.7"
      },
      "devDependencies": {}
    },
    "node_modules/@vant/weapp": {
      "version": "1.10.3",
      "resolved": "https://registry.npmmirror.com/@vant/weapp/-/weapp-1.10.3.tgz",
      "integrity": "sha512-CcG5umI+zlJRN6hQXPeknOenPkVm6WBEgBaB6Y94kOmKLx9NHtHBdURwxuJEA4q4mxhUdOuf6sV7I8tZBnCVxw=="
    },
    "node_modules/vtuweapp": {
      "version": "1.2.7",
      "resolved": "https://registry.npmmirror.com/vtuweapp/-/vtuweapp-1.2.7.tgz",
      "integrity": "sha512-AFf6963aG9dckTk9v5Yhm+dRWllL5lxpZvqD/9npaIwPoqAO6FYLSzshKngJ9twlZkRI3elzmUpF9nsT72bINQ=="
    }
  },
  "dependencies": {
    "@vant/weapp": {
      "version": "1.10.3",
      "resolved": "https://registry.npmmirror.com/@vant/weapp/-/weapp-1.10.3.tgz",
      "integrity": "sha512-CcG5umI+zlJRN6hQXPeknOenPkVm6WBEgBaB6Y94kOmKLx9NHtHBdURwxuJEA4q4mxhUdOuf6sV7I8tZBnCVxw=="
    },
    "vtuweapp": {
      "version": "1.2.7",
      "resolved": "https://registry.npmmirror.com/vtuweapp/-/vtuweapp-1.2.7.tgz",
      "integrity": "sha512-AFf6963aG9dckTk9v5Yhm+dRWllL5lxpZvqD/9npaIwPoqAO6FYLSzshKngJ9twlZkRI3elzmUpF9nsT72bINQ=="
    }
  }
}
